{
  "version": 4,
  "terraform_version": "1.13.5",
  "serial": 235,
  "lineage": "d1ed5096-078d-fff2-38e6-41a65f417e1f",
  "outputs": {
    "failover_s3_buckets": {
      "value": {
        "my-devsecops-portfolio-failover-bucket": "my-devsecops-portfolio-failover-bucket.s3.us-east-1.amazonaws.com"
      },
      "type": [
        "object",
        {
          "my-devsecops-portfolio-failover-bucket": "string"
        }
      ]
    },
    "primary_s3_buckets": {
      "value": {
        "my-devsecops-portfolio-bucket": "my-devsecops-portfolio-bucket.s3.us-east-1.amazonaws.com"
      },
      "type": [
        "object",
        {
          "my-devsecops-portfolio-bucket": "string"
        }
      ]
    }
  },
  "resources": [
    {
      "mode": "data",
      "type": "aws_acm_certificate",
      "name": "existing",
      "provider": "provider[\"registry.terraform.io/hashicorp/aws\"].us_east_1",
      "instances": [
        {
          "schema_version": 0,
          "attributes": {
            "arn": "arn:aws:acm:us-east-1:733366528696:certificate/cf881b0d-b62b-4001-b242-25fd78657191",
            "certificate": "-----BEGIN CERTIFICATE-----\nMIIFxjCCBK6gAwIBAgIQCVsIZa//Jal64ZF2vKkheDANBgkqhkiG9w0BAQsFADA8\nMQswCQYDVQQGEwJVUzEPMA0GA1UEChMGQW1hem9uMRwwGgYDVQQDExNBbWF6b24g\nUlNBIDIwNDggTTA0MB4XDTI1MTIwMzAwMDAwMFoXDTI3MDEwMTIzNTk1OVowHTEb\nMBkGA1UEAxMSYXNhZC1wb3J0Zm9saW8uY29tMIIBIjANBgkqhkiG9w0BAQEFAAOC\nAQ8AMIIBCgKCAQEA87hyUpt4WMKg70jeOcUASskVTOOv9QI5okVl8S+c53Nn8Fue\n/SeBmReDBNhMqrB7VPrMv/VOl6Z+wNsi6FeHITcwhxHa8P7VBxAZmAvS6CB6K00o\nwmClYFfymsrztb06ux0MF4hfKZQ/QqV52Uz1NsCdkms/HiBDX3/OFZsSGyBwAP9V\nXhX01H8htvCqKMN42U0+uFgCxBtdNPCVKjOhLHfNPnyQW6aQzL/YxZLcbtMyTmyf\nMTiTVpXczcA+ZlN8Kid0nSQfi1lstcOTy2fVr36dq7zytVDsKx4mkJsLDOBRPLJV\nHvnTfelyrBuunow+IMLA9d9JppnriH2ZIY5LuwIDAQABo4IC4TCCAt0wHwYDVR0j\nBBgwFoAUH1KSYVaCVH+BZtgdPQqqMlyH3QgwHQYDVR0OBBYEFCwV/rCiUg96wt6v\ncWKkdvaQMp7ZMB0GA1UdEQQWMBSCEmFzYWQtcG9ydGZvbGlvLmNvbTATBgNVHSAE\nDDAKMAgGBmeBDAECATAOBgNVHQ8BAf8EBAMCBaAwEwYDVR0lBAwwCgYIKwYBBQUH\nAwEwOwYDVR0fBDQwMjAwoC6gLIYqaHR0cDovL2NybC5yMm0wNC5hbWF6b250cnVz\ndC5jb20vcjJtMDQuY3JsMHUGCCsGAQUFBwEBBGkwZzAtBggrBgEFBQcwAYYhaHR0\ncDovL29jc3AucjJtMDQuYW1hem9udHJ1c3QuY29tMDYGCCsGAQUFBzAChipodHRw\nOi8vY3J0LnIybTA0LmFtYXpvbnRydXN0LmNvbS9yMm0wNC5jZXIwDAYDVR0TAQH/\nBAIwADCCAX4GCisGAQQB1nkCBAIEggFuBIIBagFoAHUATGPcmOWcHauI9h6KPd6u\nj6tEozd7X5uUw/uhnPzBviYAAAGa5T1giwAABAMARjBEAiA4Z4YZUICRGInFF/we\n1wU2Sqi1rbkLYOa2vsGm5L5VPQIgWiNOKUJ5oUvjHOalXhOylIsSAVvqAdjxnzE2\nDcXKb1cAdgAcn2gs6frwRWlQ+BuWiofd2zIQ2EzmyLLjglJKxM9ZnwAAAZrlPWDJ\nAAAEAwBHMEUCIQDwoQ/XNYg4U9XbAtDgHq1hJMs0Y1o3LTMH8PnlmDg6PQIgcUQA\n2tOQ7d78IsQUxyNwps4C/d8EBqG+0BHEIxPodnkAdwCsqzBwbOvshDH0E9L0kV8R\nHkIkQ7HypoxPPCs7px4CwwAAAZrlPWDVAAAEAwBIMEYCIQC84tm9zVjHRclukjd8\ncHr0v8MaHHfAx7h3E7m4WAMLbwIhALhNOY2YpbfeM7AojRydn7OlSWNah02qcVfa\nIwoQeBxFMA0GCSqGSIb3DQEBCwUAA4IBAQB62VFmc6oMNA8Vg1sYBMQd9AdgTbjz\nRAXtM9egwH8ODWvAmhPR7xCa4mgCAp0LtfxXqPiRvQgdiGLTdI6rQ4uZ65jE6QqT\n506SEjV2dXc+0ffiLgE6NM5+Y37GShBmryDqeIrb02lPmxbFKNo7MkrsWBwphCTf\nsDCk2S2R/ljKTjVDagslkCtTjUxn9lSjys6mFBGfrxMq3EAgepgnXlNz3t30f5jy\niEaucM8fJmZUN6ElpxY1dFkjep/ZZn1dztb+yK/Wm9V8qE/7pJHep/76pmo0YTxN\nEjnpoq8YNdBcEIMbLVlLMV9GoXuFmj3fKg9TgdblvR7f/84pkFUSAkBA\n-----END CERTIFICATE-----\n",
            "certificate_chain": "-----BEGIN CERTIFICATE-----\nMIIEXjCCA0agAwIBAgITB3MSTyqVLj7Rili9uF0bwM5fJzANBgkqhkiG9w0BAQsF\nADA5MQswCQYDVQQGEwJVUzEPMA0GA1UEChMGQW1hem9uMRkwFwYDVQQDExBBbWF6\nb24gUm9vdCBDQSAxMB4XDTIyMDgyMzIyMjYzNVoXDTMwMDgyMzIyMjYzNVowPDEL\nMAkGA1UEBhMCVVMxDzANBgNVBAoTBkFtYXpvbjEcMBoGA1UEAxMTQW1hem9uIFJT\nQSAyMDQ4IE0wNDCCASIwDQYJKoZIhvcNAQEBBQADggEPADCCAQoCggEBAM3pVR6A\nlQOp4xe776FdePXyejgA38mYx1ou9/jrpV6Sfn+/oqBKgwhY6ePsQHHQayWBJdBn\nv4Wz363qRI4XUh9swBFJ11TnZ3LqOMvHmWq2+loA0QPtOfXdJ2fHBLrBrngtJ/GB\n0p5olAVYrSZgvQGP16Rf8ddtNyxEEhYm3HuhmNi+vSeAq1tLYJPAvRCXonTpWdSD\nxY6hvdmxlqTYi82AtBXSfpGQ58HHM0hw0C6aQakghrwWi5fGslLOqzpimNMIsT7c\nqa0GJx6JfKqJqmQQNplO2h8n9ZsFJgBowof01ppdoLAWg6caMOM0om/VILKaa30F\n9W/r8Qjah7ltGVkCAwEAAaOCAVowggFWMBIGA1UdEwEB/wQIMAYBAf8CAQAwDgYD\nVR0PAQH/BAQDAgGGMB0GA1UdJQQWMBQGCCsGAQUFBwMBBggrBgEFBQcDAjAdBgNV\nHQ4EFgQUH1KSYVaCVH+BZtgdPQqqMlyH3QgwHwYDVR0jBBgwFoAUhBjMhTTsvAyU\nlC4IWZzHshBOCggwewYIKwYBBQUHAQEEbzBtMC8GCCsGAQUFBzABhiNodHRwOi8v\nb2NzcC5yb290Y2ExLmFtYXpvbnRydXN0LmNvbTA6BggrBgEFBQcwAoYuaHR0cDov\nL2NydC5yb290Y2ExLmFtYXpvbnRydXN0LmNvbS9yb290Y2ExLmNlcjA/BgNVHR8E\nODA2MDSgMqAwhi5odHRwOi8vY3JsLnJvb3RjYTEuYW1hem9udHJ1c3QuY29tL3Jv\nb3RjYTEuY3JsMBMGA1UdIAQMMAowCAYGZ4EMAQIBMA0GCSqGSIb3DQEBCwUAA4IB\nAQA+1O5UsAaNuW3lHzJtpNGwBnZd9QEYFtxpiAnIaV4qApnGS9OCw5ZPwie7YSlD\nZF5yyFPsFhUC2Q9uJHY/CRV1b5hIiGH0+6+w5PgKiY1MWuWT8VAaJjFxvuhM7a/e\nfN2TIw1Wd6WCl6YRisunjQOrSP+unqC8A540JNyZ1JOE3jVqat3OZBGgMvihdj2w\nY23EpwesrKiQzkHzmvSH67PVW4ycbPy08HVZnBxZ5NrlGG9bwXR3fNTaz+c+Ej6c\n5AnwI3qkOFgSkg3Y75cdFz6pO/olK+e3AqygAcv0WjzmkDPuBjssuZjCHMC56oH3\nGJkV29Di2j5prHJbwZjG1inU\n-----END CERTIFICATE-----\n-----BEGIN CERTIFICATE-----\nMIIEkjCCA3qgAwIBAgITBn+USionzfP6wq4rAfkI7rnExjANBgkqhkiG9w0BAQsF\nADCBmDELMAkGA1UEBhMCVVMxEDAOBgNVBAgTB0FyaXpvbmExEzARBgNVBAcTClNj\nb3R0c2RhbGUxJTAjBgNVBAoTHFN0YXJmaWVsZCBUZWNobm9sb2dpZXMsIEluYy4x\nOzA5BgNVBAMTMlN0YXJmaWVsZCBTZXJ2aWNlcyBSb290IENlcnRpZmljYXRlIEF1\ndGhvcml0eSAtIEcyMB4XDTE1MDUyNTEyMDAwMFoXDTM3MTIzMTAxMDAwMFowOTEL\nMAkGA1UEBhMCVVMxDzANBgNVBAoTBkFtYXpvbjEZMBcGA1UEAxMQQW1hem9uIFJv\nb3QgQ0EgMTCCASIwDQYJKoZIhvcNAQEBBQADggEPADCCAQoCggEBALJ4gHHKeNXj\nca9HgFB0fW7Y14h29Jlo91ghYPl0hAEvrAIthtOgQ3pOsqTQNroBvo3bSMgHFzZM\n9O6II8c+6zf1tRn4SWiw3te5djgdYZ6k/oI2peVKVuRF4fn9tBb6dNqcmzU5L/qw\nIFAGbHrQgLKm+a/sRxmPUDgH3KKHOVj4utWp+UhnMJbulHheb4mjUcAwhmahRWa6\nVOujw5H5SNz/0egwLX0tdHA114gk957EWW67c4cX8jJGKLhD+rcdqsq08p8kDi1L\n93FcXmn/6pUCyziKrlA4b9v7LWIbxcceVOF34GfID5yHI9Y/QCB/IIDEgEw+OyQm\njgSubJrIqg0CAwEAAaOCATEwggEtMA8GA1UdEwEB/wQFMAMBAf8wDgYDVR0PAQH/\nBAQDAgGGMB0GA1UdDgQWBBSEGMyFNOy8DJSULghZnMeyEE4KCDAfBgNVHSMEGDAW\ngBScXwDfqgHXMCs4iKK4bUqc8hGRgzB4BggrBgEFBQcBAQRsMGowLgYIKwYBBQUH\nMAGGImh0dHA6Ly9vY3NwLnJvb3RnMi5hbWF6b250cnVzdC5jb20wOAYIKwYBBQUH\nMAKGLGh0dHA6Ly9jcnQucm9vdGcyLmFtYXpvbnRydXN0LmNvbS9yb290ZzIuY2Vy\nMD0GA1UdHwQ2MDQwMqAwoC6GLGh0dHA6Ly9jcmwucm9vdGcyLmFtYXpvbnRydXN0\nLmNvbS9yb290ZzIuY3JsMBEGA1UdIAQKMAgwBgYEVR0gADANBgkqhkiG9w0BAQsF\nAAOCAQEAYjdCXLwQtT6LLOkMm2xF4gcAevnFWAu5CIw+7bMlPLVvUOTNNWqnkzSW\nMiGpSESrnO09tKpzbeR/FoCJbM8oAxiDR3mjEH4wW6w7sGDgd9QIpuEdfF7Au/ma\neyKdpwAJfqxGF4PcnCZXmTA5YpaP7dreqsXMGz7KQ2hsVxa81Q4gLv7/wmpdLqBK\nbRRYh5TmOTFffHPLkIhqhBGWJ6bt2YFGpn6jcgAKUj6DiAdjd4lpFw85hdKrCEVN\n0FE6/V1dN2RMfjCyVSRCnTawXZwXgWHxyvkQAiSr6w10kY17RSlQOYiypok1JR4U\nakcjMS9cmvqtmg5iUaQqqcT5NJ0hGA==\n-----END CERTIFICATE-----\n",
            "domain": "asad-portfolio.com",
            "id": "arn:aws:acm:us-east-1:733366528696:certificate/cf881b0d-b62b-4001-b242-25fd78657191",
            "key_types": null,
            "most_recent": true,
            "region": "us-east-1",
            "status": "ISSUED",
            "statuses": [
              "ISSUED"
            ],
            "tags": {
              "env": "prod",
              "owner": "asad",
              "project": "portfolio"
            },
            "types": null
          },
          "sensitive_attributes": [],
          "identity_schema_version": 0
        }
      ]
    },
    {
      "module": "module.cloudfront",
      "mode": "managed",
      "type": "aws_cloudfront_response_headers_policy",
      "name": "security",
      "provider": "provider[\"registry.terraform.io/hashicorp/aws\"]",
      "instances": [
        {
          "schema_version": 0,
          "attributes": {
            "arn": "arn:aws:cloudfront::733366528696:response-headers-policy/ba487159-9f7f-435b-8437-fc01e11ba2a5",
            "comment": "",
            "cors_config": [],
            "custom_headers_config": [],
            "etag": "E23ZP02F085DFQ",
            "id": "ba487159-9f7f-435b-8437-fc01e11ba2a5",
            "name": "asad-portfolio-com-headers",
            "remove_headers_config": [],
            "security_headers_config": [
              {
                "content_security_policy": [],
                "content_type_options": [
                  {
                    "override": true
                  }
                ],
                "frame_options": [],
                "referrer_policy": [],
                "strict_transport_security": [
                  {
                    "access_control_max_age_sec": 31536000,
                    "include_subdomains": true,
                    "override": true,
                    "preload": true
                  }
                ],
                "xss_protection": [
                  {
                    "mode_block": true,
                    "override": true,
                    "protection": true,
                    "report_uri": ""
                  }
                ]
              }
            ],
            "server_timing_headers_config": []
          },
          "sensitive_attributes": [],
          "identity_schema_version": 0,
          "private": "bnVsbA=="
        }
      ]
    },
    {
      "module": "module.cloudfront",
      "mode": "managed",
      "type": "aws_wafv2_web_acl",
      "name": "this",
      "provider": "provider[\"registry.terraform.io/hashicorp/aws\"]",
      "instances": [
        {
          "schema_version": 0,
          "attributes": {
            "application_integration_url": "",
            "arn": "arn:aws:wafv2:us-east-1:733366528696:global/webacl/asad-portfolio-com-waf/0e20e0d9-1140-416d-b3ea-39d1356abdc2",
            "association_config": [],
            "capacity": 3,
            "captcha_config": [],
            "challenge_config": [],
            "custom_response_body": [],
            "data_protection_config": [],
            "default_action": [
              {
                "allow": [
                  {
                    "custom_request_handling": []
                  }
                ],
                "block": []
              }
            ],
            "description": "",
            "id": "0e20e0d9-1140-416d-b3ea-39d1356abdc2",
            "lock_token": "e3be2711-bd1b-47ef-b360-58668ffb941e",
            "name": "asad-portfolio-com-waf",
            "name_prefix": "",
            "region": "us-east-1",
            "rule": [
              {
                "action": [
                  {
                    "allow": [],
                    "block": [
                      {
                        "custom_response": []
                      }
                    ],
                    "captcha": [],
                    "challenge": [],
                    "count": []
                  }
                ],
                "captcha_config": [],
                "challenge_config": [],
                "name": "log4j-block",
                "override_action": [],
                "priority": 1,
                "rule_label": [],
                "statement": [
                  {
                    "and_statement": [],
                    "asn_match_statement": [],
                    "byte_match_statement": [],
                    "geo_match_statement": [],
                    "ip_set_reference_statement": [],
                    "label_match_statement": [],
                    "managed_rule_group_statement": [],
                    "not_statement": [],
                    "or_statement": [],
                    "rate_based_statement": [],
                    "regex_match_statement": [
                      {
                        "field_to_match": [
                          {
                            "all_query_arguments": [],
                            "body": [
                              {
                                "oversize_handling": "CONTINUE"
                              }
                            ],
                            "cookies": [],
                            "header_order": [],
                            "headers": [],
                            "ja3_fingerprint": [],
                            "ja4_fingerprint": [],
                            "json_body": [],
                            "method": [],
                            "query_string": [],
                            "single_header": [],
                            "single_query_argument": [],
                            "uri_fragment": [],
                            "uri_path": []
                          }
                        ],
                        "regex_string": "(?i)(jndi:ldap|jndi:rmi|jndi:ldaps)",
                        "text_transformation": [
                          {
                            "priority": 0,
                            "type": "NONE"
                          }
                        ]
                      }
                    ],
                    "regex_pattern_set_reference_statement": [],
                    "rule_group_reference_statement": [],
                    "size_constraint_statement": [],
                    "sqli_match_statement": [],
                    "xss_match_statement": []
                  }
                ],
                "visibility_config": [
                  {
                    "cloudwatch_metrics_enabled": true,
                    "metric_name": "log4j-block",
                    "sampled_requests_enabled": true
                  }
                ]
              }
            ],
            "rule_json": null,
            "scope": "CLOUDFRONT",
            "tags": {},
            "tags_all": {},
            "token_domains": [],
            "visibility_config": [
              {
                "cloudwatch_metrics_enabled": true,
                "metric_name": "asad-portfolio-com-waf",
                "sampled_requests_enabled": true
              }
            ]
          },
          "sensitive_attributes": [],
          "identity_schema_version": 0,
          "private": "bnVsbA=="
        }
      ]
    },
    {
      "module": "module.dns",
      "mode": "data",
      "type": "aws_caller_identity",
      "name": "current",
      "provider": "provider[\"registry.terraform.io/hashicorp/aws\"]",
      "instances": [
        {
          "schema_version": 0,
          "attributes": {
            "account_id": "733366528696",
            "arn": "arn:aws:iam::733366528696:user/my-portfolio",
            "id": "733366528696",
            "user_id": "AIDA2VQANFK4MLOQLQEXV"
          },
          "sensitive_attributes": [],
          "identity_schema_version": 0
        }
      ]
    },
    {
      "module": "module.dns",
      "mode": "data",
      "type": "aws_region",
      "name": "current",
      "provider": "provider[\"registry.terraform.io/hashicorp/aws\"]",
      "instances": [
        {
          "schema_version": 0,
          "attributes": {
            "description": "US East (N. Virginia)",
            "endpoint": "ec2.us-east-1.amazonaws.com",
            "id": "us-east-1",
            "name": "us-east-1",
            "region": "us-east-1"
          },
          "sensitive_attributes": [],
          "identity_schema_version": 0
        }
      ]
    },
    {
      "module": "module.dns",
      "mode": "managed",
      "type": "aws_route53_zone",
      "name": "primary",
      "provider": "provider[\"registry.terraform.io/hashicorp/aws\"]",
      "instances": [
        {
          "schema_version": 0,
          "attributes": {
            "arn": "arn:aws:route53:::hostedzone/Z01561301YNX8SQG6GY3D",
            "comment": "Managed by Terraform",
            "delegation_set_id": "",
            "enable_accelerated_recovery": false,
            "force_destroy": false,
            "id": "Z01561301YNX8SQG6GY3D",
            "name": "asad-portfolio.com",
            "name_servers": [
              "ns-1224.awsdns-25.org",
              "ns-1651.awsdns-14.co.uk",
              "ns-297.awsdns-37.com",
              "ns-685.awsdns-21.net"
            ],
            "primary_name_server": "ns-1651.awsdns-14.co.uk",
            "tags": {
              "env": "prod",
              "owner": "asad",
              "project": "portfolio"
            },
            "tags_all": {
              "env": "prod",
              "owner": "asad",
              "project": "portfolio"
            },
            "timeouts": null,
            "vpc": [],
            "zone_id": "Z01561301YNX8SQG6GY3D"
          },
          "sensitive_attributes": [],
          "identity_schema_version": 0,
          "private": "eyJlMmJmYjczMC1lY2FhLTExZTYtOGY4OC0zNDM2M2JjN2M0YzAiOnsiY3JlYXRlIjoxODAwMDAwMDAwMDAwLCJkZWxldGUiOjE4MDAwMDAwMDAwMDAsInVwZGF0ZSI6MTgwMDAwMDAwMDAwMH19"
        }
      ]
    },
    {
      "module": "module.logs",
      "mode": "data",
      "type": "aws_caller_identity",
      "name": "current",
      "provider": "provider[\"registry.terraform.io/hashicorp/aws\"].eu_west_1",
      "instances": [
        {
          "schema_version": 0,
          "attributes": {
            "account_id": "733366528696",
            "arn": "arn:aws:iam::733366528696:user/my-portfolio",
            "id": "733366528696",
            "user_id": "AIDA2VQANFK4MLOQLQEXV"
          },
          "sensitive_attributes": [],
          "identity_schema_version": 0
        }
      ]
    },
    {
      "module": "module.logs",
      "mode": "managed",
      "type": "aws_kms_key",
      "name": "s3",
      "provider": "provider[\"registry.terraform.io/hashicorp/aws\"].eu_west_1",
      "instances": [
        {
          "schema_version": 0,
          "attributes": {
            "arn": "arn:aws:kms:us-east-1:733366528696:key/e1e1e38e-48cb-4455-9603-5f906dd187ac",
            "bypass_policy_lockout_safety_check": false,
            "custom_key_store_id": "",
            "customer_master_key_spec": "SYMMETRIC_DEFAULT",
            "deletion_window_in_days": 30,
            "description": "KMS key for S3 bucket encryption",
            "enable_key_rotation": true,
            "id": "e1e1e38e-48cb-4455-9603-5f906dd187ac",
            "is_enabled": true,
            "key_id": "e1e1e38e-48cb-4455-9603-5f906dd187ac",
            "key_usage": "ENCRYPT_DECRYPT",
            "multi_region": false,
            "policy": "{\"Statement\":[{\"Action\":\"kms:*\",\"Effect\":\"Allow\",\"Principal\":{\"AWS\":\"arn:aws:iam::733366528696:root\"},\"Resource\":\"*\",\"Sid\":\"EnableRootPermissions\"}],\"Version\":\"2012-10-17\"}",
            "region": "us-east-1",
            "rotation_period_in_days": 365,
            "tags": {
              "env": "prod",
              "owner": "asad",
              "project": "portfolio"
            },
            "tags_all": {
              "env": "prod",
              "owner": "asad",
              "project": "portfolio"
            },
            "timeouts": null,
            "xks_key_id": ""
          },
          "sensitive_attributes": [],
          "identity_schema_version": 0,
          "identity": {
            "account_id": "733366528696",
            "id": "e1e1e38e-48cb-4455-9603-5f906dd187ac",
            "region": "us-east-1"
          },
          "private": "eyJlMmJmYjczMC1lY2FhLTExZTYtOGY4OC0zNDM2M2JjN2M0YzAiOnsiY3JlYXRlIjoxMjAwMDAwMDAwMDB9fQ==",
          "dependencies": [
            "module.logs.data.aws_caller_identity.current"
          ]
        }
      ]
    },
    {
      "module": "module.s3_failover",
      "mode": "data",
      "type": "aws_caller_identity",
      "name": "current",
      "provider": "provider[\"registry.terraform.io/hashicorp/aws\"]",
      "instances": [
        {
          "schema_version": 0,
          "attributes": {
            "account_id": "733366528696",
            "arn": "arn:aws:iam::733366528696:user/my-portfolio",
            "id": "733366528696",
            "user_id": "AIDA2VQANFK4MLOQLQEXV"
          },
          "sensitive_attributes": [],
          "identity_schema_version": 0
        }
      ]
    },
    {
      "module": "module.s3_failover",
      "mode": "managed",
      "type": "aws_kms_key",
      "name": "s3",
      "provider": "provider[\"registry.terraform.io/hashicorp/aws\"]",
      "instances": [
        {
          "schema_version": 0,
          "attributes": {
            "arn": "arn:aws:kms:us-east-1:733366528696:key/dd85007d-046b-4fcf-8e54-5fe19365d50e",
            "bypass_policy_lockout_safety_check": false,
            "custom_key_store_id": "",
            "customer_master_key_spec": "SYMMETRIC_DEFAULT",
            "deletion_window_in_days": 30,
            "description": "KMS key for S3 bucket encryption",
            "enable_key_rotation": true,
            "id": "dd85007d-046b-4fcf-8e54-5fe19365d50e",
            "is_enabled": true,
            "key_id": "dd85007d-046b-4fcf-8e54-5fe19365d50e",
            "key_usage": "ENCRYPT_DECRYPT",
            "multi_region": false,
            "policy": "{\"Statement\":[{\"Action\":\"kms:*\",\"Effect\":\"Allow\",\"Principal\":{\"AWS\":\"arn:aws:iam::733366528696:root\"},\"Resource\":\"*\",\"Sid\":\"EnableRootPermissions\"}],\"Version\":\"2012-10-17\"}",
            "region": "us-east-1",
            "rotation_period_in_days": 365,
            "tags": {
              "env": "prod",
              "owner": "asad",
              "project": "portfolio"
            },
            "tags_all": {
              "env": "prod",
              "owner": "asad",
              "project": "portfolio"
            },
            "timeouts": null,
            "xks_key_id": ""
          },
          "sensitive_attributes": [],
          "identity_schema_version": 0,
          "identity": {
            "account_id": "733366528696",
            "id": "dd85007d-046b-4fcf-8e54-5fe19365d50e",
            "region": "us-east-1"
          },
          "private": "eyJlMmJmYjczMC1lY2FhLTExZTYtOGY4OC0zNDM2M2JjN2M0YzAiOnsiY3JlYXRlIjoxMjAwMDAwMDAwMDB9fQ==",
          "dependencies": [
            "module.s3_failover.data.aws_caller_identity.current"
          ]
        }
      ]
    },
    {
      "module": "module.s3_failover",
      "mode": "managed",
      "type": "aws_s3_bucket",
      "name": "buckets",
      "provider": "provider[\"registry.terraform.io/hashicorp/aws\"]",
      "instances": [
        {
          "index_key": "my-devsecops-portfolio-failover-bucket",
          "schema_version": 0,
          "attributes": {
            "acceleration_status": "",
            "acl": null,
            "arn": "arn:aws:s3:::my-devsecops-portfolio-failover-bucket",
            "bucket": "my-devsecops-portfolio-failover-bucket",
            "bucket_domain_name": "my-devsecops-portfolio-failover-bucket.s3.amazonaws.com",
            "bucket_prefix": "",
            "bucket_region": "us-east-1",
            "bucket_regional_domain_name": "my-devsecops-portfolio-failover-bucket.s3.us-east-1.amazonaws.com",
            "cors_rule": [],
            "force_destroy": false,
            "grant": [
              {
                "id": "fd8478b3ec9af5057e0a0801c9ca95779815d567e4de0b24aa8fd730ac00a644",
                "permissions": [
                  "FULL_CONTROL"
                ],
                "type": "CanonicalUser",
                "uri": ""
              }
            ],
            "hosted_zone_id": "Z3AQBSTGFYJSTF",
            "id": "my-devsecops-portfolio-failover-bucket",
            "lifecycle_rule": [
              {
                "abort_incomplete_multipart_upload_days": 7,
                "enabled": true,
                "expiration": [
                  {
                    "date": "",
                    "days": 365,
                    "expired_object_delete_marker": false
                  }
                ],
                "id": "retention",
                "noncurrent_version_expiration": [],
                "noncurrent_version_transition": [],
                "prefix": "",
                "tags": {},
                "transition": []
              }
            ],
            "logging": [],
            "object_lock_configuration": [],
            "object_lock_enabled": false,
            "policy": "",
            "region": "us-east-1",
            "replication_configuration": [],
            "request_payer": "BucketOwner",
            "server_side_encryption_configuration": [
              {
                "rule": [
                  {
                    "apply_server_side_encryption_by_default": [
                      {
                        "kms_master_key_id": "arn:aws:kms:us-east-1:733366528696:key/dd85007d-046b-4fcf-8e54-5fe19365d50e",
                        "sse_algorithm": "aws:kms"
                      }
                    ],
                    "bucket_key_enabled": false
                  }
                ]
              }
            ],
            "tags": {
              "env": "prod",
              "owner": "asad",
              "project": "portfolio"
            },
            "tags_all": {
              "env": "prod",
              "owner": "asad",
              "project": "portfolio"
            },
            "timeouts": null,
            "versioning": [
              {
                "enabled": true,
                "mfa_delete": false
              }
            ],
            "website": [],
            "website_domain": null,
            "website_endpoint": null
          },
          "sensitive_attributes": [],
          "identity_schema_version": 0,
          "identity": {
            "account_id": "733366528696",
            "bucket": "my-devsecops-portfolio-failover-bucket",
            "region": "us-east-1"
          },
          "private": "eyJlMmJmYjczMC1lY2FhLTExZTYtOGY4OC0zNDM2M2JjN2M0YzAiOnsiY3JlYXRlIjoxMjAwMDAwMDAwMDAwLCJkZWxldGUiOjM2MDAwMDAwMDAwMDAsInJlYWQiOjEyMDAwMDAwMDAwMDAsInVwZGF0ZSI6MTIwMDAwMDAwMDAwMH19"
        }
      ]
    },
    {
      "module": "module.s3_failover",
      "mode": "managed",
      "type": "aws_s3_bucket_lifecycle_configuration",
      "name": "buckets",
      "provider": "provider[\"registry.terraform.io/hashicorp/aws\"]",
      "instances": [
        {
          "index_key": "my-devsecops-portfolio-failover-bucket",
          "schema_version": 1,
          "attributes": {
            "bucket": "my-devsecops-portfolio-failover-bucket",
            "expected_bucket_owner": "",
            "id": "my-devsecops-portfolio-failover-bucket",
            "region": "us-east-1",
            "rule": [
              {
                "abort_incomplete_multipart_upload": [
                  {
                    "days_after_initiation": 7
                  }
                ],
                "expiration": [
                  {
                    "date": null,
                    "days": 365,
                    "expired_object_delete_marker": false
                  }
                ],
                "filter": [],
                "id": "retention",
                "noncurrent_version_expiration": [],
                "noncurrent_version_transition": [],
                "prefix": "",
                "status": "Enabled",
                "transition": []
              }
            ],
            "timeouts": null,
            "transition_default_minimum_object_size": "all_storage_classes_128K"
          },
          "sensitive_attributes": [],
          "identity_schema_version": 0,
          "dependencies": [
            "module.s3_failover.aws_s3_bucket.buckets"
          ]
        }
      ]
    },
    {
      "module": "module.s3_failover",
      "mode": "managed",
      "type": "aws_s3_bucket_notification",
      "name": "buckets",
      "provider": "provider[\"registry.terraform.io/hashicorp/aws\"]",
      "instances": [
        {
          "index_key": "my-devsecops-portfolio-failover-bucket",
          "schema_version": 0,
          "attributes": {
            "bucket": "my-devsecops-portfolio-failover-bucket",
            "eventbridge": true,
            "id": "my-devsecops-portfolio-failover-bucket",
            "lambda_function": [],
            "queue": [],
            "region": "us-east-1",
            "topic": []
          },
          "sensitive_attributes": [],
          "identity_schema_version": 0,
          "identity": {
            "account_id": "733366528696",
            "bucket": "my-devsecops-portfolio-failover-bucket",
            "region": "us-east-1"
          },
          "private": "bnVsbA==",
          "dependencies": [
            "module.s3_failover.aws_s3_bucket.buckets"
          ]
        }
      ]
    },
    {
      "module": "module.s3_failover",
      "mode": "managed",
      "type": "aws_s3_bucket_public_access_block",
      "name": "buckets",
      "provider": "provider[\"registry.terraform.io/hashicorp/aws\"]",
      "instances": [
        {
          "index_key": "my-devsecops-portfolio-failover-bucket",
          "schema_version": 0,
          "attributes": {
            "block_public_acls": true,
            "block_public_policy": true,
            "bucket": "my-devsecops-portfolio-failover-bucket",
            "id": "my-devsecops-portfolio-failover-bucket",
            "ignore_public_acls": true,
            "region": "us-east-1",
            "restrict_public_buckets": true,
            "skip_destroy": null
          },
          "sensitive_attributes": [],
          "identity_schema_version": 0,
          "identity": {
            "account_id": "733366528696",
            "bucket": "my-devsecops-portfolio-failover-bucket",
            "region": "us-east-1"
          },
          "private": "bnVsbA==",
          "dependencies": [
            "module.s3_failover.aws_s3_bucket.buckets"
          ]
        }
      ]
    },
    {
      "module": "module.s3_failover",
      "mode": "managed",
      "type": "aws_s3_bucket_server_side_encryption_configuration",
      "name": "buckets",
      "provider": "provider[\"registry.terraform.io/hashicorp/aws\"]",
      "instances": [
        {
          "index_key": "my-devsecops-portfolio-failover-bucket",
          "schema_version": 0,
          "attributes": {
            "bucket": "my-devsecops-portfolio-failover-bucket",
            "expected_bucket_owner": "",
            "id": "my-devsecops-portfolio-failover-bucket",
            "region": "us-east-1",
            "rule": [
              {
                "apply_server_side_encryption_by_default": [
                  {
                    "kms_master_key_id": "arn:aws:kms:us-east-1:733366528696:key/dd85007d-046b-4fcf-8e54-5fe19365d50e",
                    "sse_algorithm": "aws:kms"
                  }
                ],
                "blocked_encryption_types": [],
                "bucket_key_enabled": false
              }
            ]
          },
          "sensitive_attributes": [],
          "identity_schema_version": 0,
          "identity": {
            "account_id": "733366528696",
            "bucket": "my-devsecops-portfolio-failover-bucket",
            "expected_bucket_owner": null,
            "region": "us-east-1"
          },
          "private": "bnVsbA==",
          "dependencies": [
            "module.s3_failover.aws_kms_key.s3",
            "module.s3_failover.aws_s3_bucket.buckets",
            "module.s3_failover.data.aws_caller_identity.current"
          ]
        }
      ]
    },
    {
      "module": "module.s3_failover",
      "mode": "managed",
      "type": "aws_s3_bucket_versioning",
      "name": "buckets",
      "provider": "provider[\"registry.terraform.io/hashicorp/aws\"]",
      "instances": [
        {
          "index_key": "my-devsecops-portfolio-failover-bucket",
          "schema_version": 0,
          "attributes": {
            "bucket": "my-devsecops-portfolio-failover-bucket",
            "expected_bucket_owner": "",
            "id": "my-devsecops-portfolio-failover-bucket",
            "mfa": null,
            "region": "us-east-1",
            "versioning_configuration": [
              {
                "mfa_delete": "",
                "status": "Enabled"
              }
            ]
          },
          "sensitive_attributes": [],
          "identity_schema_version": 0,
          "identity": {
            "account_id": "733366528696",
            "bucket": "my-devsecops-portfolio-failover-bucket",
            "expected_bucket_owner": null,
            "region": "us-east-1"
          },
          "private": "bnVsbA==",
          "dependencies": [
            "module.s3_failover.aws_s3_bucket.buckets"
          ]
        }
      ]
    },
    {
      "module": "module.s3_primary",
      "mode": "data",
      "type": "aws_caller_identity",
      "name": "current",
      "provider": "provider[\"registry.terraform.io/hashicorp/aws\"]",
      "instances": [
        {
          "schema_version": 0,
          "attributes": {
            "account_id": "733366528696",
            "arn": "arn:aws:iam::733366528696:user/my-portfolio",
            "id": "733366528696",
            "user_id": "AIDA2VQANFK4MLOQLQEXV"
          },
          "sensitive_attributes": [],
          "identity_schema_version": 0
        }
      ]
    },
    {
      "module": "module.s3_primary",
      "mode": "managed",
      "type": "aws_kms_key",
      "name": "s3",
      "provider": "provider[\"registry.terraform.io/hashicorp/aws\"]",
      "instances": [
        {
          "schema_version": 0,
          "attributes": {
            "arn": "arn:aws:kms:us-east-1:733366528696:key/a84b8aae-8a32-4124-9b59-36c74f832151",
            "bypass_policy_lockout_safety_check": false,
            "custom_key_store_id": "",
            "customer_master_key_spec": "SYMMETRIC_DEFAULT",
            "deletion_window_in_days": 30,
            "description": "KMS key for S3 bucket encryption",
            "enable_key_rotation": true,
            "id": "a84b8aae-8a32-4124-9b59-36c74f832151",
            "is_enabled": true,
            "key_id": "a84b8aae-8a32-4124-9b59-36c74f832151",
            "key_usage": "ENCRYPT_DECRYPT",
            "multi_region": false,
            "policy": "{\"Statement\":[{\"Action\":\"kms:*\",\"Effect\":\"Allow\",\"Principal\":{\"AWS\":\"arn:aws:iam::733366528696:root\"},\"Resource\":\"*\",\"Sid\":\"EnableRootPermissions\"}],\"Version\":\"2012-10-17\"}",
            "region": "us-east-1",
            "rotation_period_in_days": 365,
            "tags": {
              "env": "prod",
              "owner": "asad",
              "project": "portfolio"
            },
            "tags_all": {
              "env": "prod",
              "owner": "asad",
              "project": "portfolio"
            },
            "timeouts": null,
            "xks_key_id": ""
          },
          "sensitive_attributes": [],
          "identity_schema_version": 0,
          "identity": {
            "account_id": "733366528696",
            "id": "a84b8aae-8a32-4124-9b59-36c74f832151",
            "region": "us-east-1"
          },
          "private": "eyJlMmJmYjczMC1lY2FhLTExZTYtOGY4OC0zNDM2M2JjN2M0YzAiOnsiY3JlYXRlIjoxMjAwMDAwMDAwMDB9fQ==",
          "dependencies": [
            "module.s3_primary.data.aws_caller_identity.current"
          ]
        }
      ]
    },
    {
      "module": "module.s3_primary",
      "mode": "managed",
      "type": "aws_s3_bucket",
      "name": "buckets",
      "provider": "provider[\"registry.terraform.io/hashicorp/aws\"]",
      "instances": [
        {
          "index_key": "my-devsecops-portfolio-bucket",
          "schema_version": 0,
          "attributes": {
            "acceleration_status": "",
            "acl": null,
            "arn": "arn:aws:s3:::my-devsecops-portfolio-bucket",
            "bucket": "my-devsecops-portfolio-bucket",
            "bucket_domain_name": "my-devsecops-portfolio-bucket.s3.amazonaws.com",
            "bucket_prefix": "",
            "bucket_region": "us-east-1",
            "bucket_regional_domain_name": "my-devsecops-portfolio-bucket.s3.us-east-1.amazonaws.com",
            "cors_rule": [],
            "force_destroy": false,
            "grant": [
              {
                "id": "fd8478b3ec9af5057e0a0801c9ca95779815d567e4de0b24aa8fd730ac00a644",
                "permissions": [
                  "FULL_CONTROL"
                ],
                "type": "CanonicalUser",
                "uri": ""
              }
            ],
            "hosted_zone_id": "Z3AQBSTGFYJSTF",
            "id": "my-devsecops-portfolio-bucket",
            "lifecycle_rule": [
              {
                "abort_incomplete_multipart_upload_days": 7,
                "enabled": true,
                "expiration": [
                  {
                    "date": "",
                    "days": 365,
                    "expired_object_delete_marker": false
                  }
                ],
                "id": "retention",
                "noncurrent_version_expiration": [],
                "noncurrent_version_transition": [],
                "prefix": "",
                "tags": {},
                "transition": []
              }
            ],
            "logging": [],
            "object_lock_configuration": [],
            "object_lock_enabled": false,
            "policy": "",
            "region": "us-east-1",
            "replication_configuration": [],
            "request_payer": "BucketOwner",
            "server_side_encryption_configuration": [
              {
                "rule": [
                  {
                    "apply_server_side_encryption_by_default": [
                      {
                        "kms_master_key_id": "arn:aws:kms:us-east-1:733366528696:key/a84b8aae-8a32-4124-9b59-36c74f832151",
                        "sse_algorithm": "aws:kms"
                      }
                    ],
                    "bucket_key_enabled": false
                  }
                ]
              }
            ],
            "tags": {
              "env": "prod",
              "owner": "asad",
              "project": "portfolio"
            },
            "tags_all": {
              "env": "prod",
              "owner": "asad",
              "project": "portfolio"
            },
            "timeouts": null,
            "versioning": [
              {
                "enabled": true,
                "mfa_delete": false
              }
            ],
            "website": [],
            "website_domain": null,
            "website_endpoint": null
          },
          "sensitive_attributes": [],
          "identity_schema_version": 0,
          "identity": {
            "account_id": "733366528696",
            "bucket": "my-devsecops-portfolio-bucket",
            "region": "us-east-1"
          },
          "private": "eyJlMmJmYjczMC1lY2FhLTExZTYtOGY4OC0zNDM2M2JjN2M0YzAiOnsiY3JlYXRlIjoxMjAwMDAwMDAwMDAwLCJkZWxldGUiOjM2MDAwMDAwMDAwMDAsInJlYWQiOjEyMDAwMDAwMDAwMDAsInVwZGF0ZSI6MTIwMDAwMDAwMDAwMH19"
        }
      ]
    },
    {
      "module": "module.s3_primary",
      "mode": "managed",
      "type": "aws_s3_bucket_lifecycle_configuration",
      "name": "buckets",
      "provider": "provider[\"registry.terraform.io/hashicorp/aws\"]",
      "instances": [
        {
          "index_key": "my-devsecops-portfolio-bucket",
          "schema_version": 1,
          "attributes": {
            "bucket": "my-devsecops-portfolio-bucket",
            "expected_bucket_owner": "",
            "id": "my-devsecops-portfolio-bucket",
            "region": "us-east-1",
            "rule": [
              {
                "abort_incomplete_multipart_upload": [
                  {
                    "days_after_initiation": 7
                  }
                ],
                "expiration": [
                  {
                    "date": null,
                    "days": 365,
                    "expired_object_delete_marker": false
                  }
                ],
                "filter": [],
                "id": "retention",
                "noncurrent_version_expiration": [],
                "noncurrent_version_transition": [],
                "prefix": "",
                "status": "Enabled",
                "transition": []
              }
            ],
            "timeouts": null,
            "transition_default_minimum_object_size": "all_storage_classes_128K"
          },
          "sensitive_attributes": [],
          "identity_schema_version": 0,
          "dependencies": [
            "module.s3_primary.aws_s3_bucket.buckets"
          ]
        }
      ]
    },
    {
      "module": "module.s3_primary",
      "mode": "managed",
      "type": "aws_s3_bucket_notification",
      "name": "buckets",
      "provider": "provider[\"registry.terraform.io/hashicorp/aws\"]",
      "instances": [
        {
          "index_key": "my-devsecops-portfolio-bucket",
          "schema_version": 0,
          "attributes": {
            "bucket": "my-devsecops-portfolio-bucket",
            "eventbridge": true,
            "id": "my-devsecops-portfolio-bucket",
            "lambda_function": [],
            "queue": [],
            "region": "us-east-1",
            "topic": []
          },
          "sensitive_attributes": [],
          "identity_schema_version": 0,
          "identity": {
            "account_id": "733366528696",
            "bucket": "my-devsecops-portfolio-bucket",
            "region": "us-east-1"
          },
          "private": "bnVsbA==",
          "dependencies": [
            "module.s3_primary.aws_s3_bucket.buckets"
          ]
        }
      ]
    },
    {
      "module": "module.s3_primary",
      "mode": "managed",
      "type": "aws_s3_bucket_public_access_block",
      "name": "buckets",
      "provider": "provider[\"registry.terraform.io/hashicorp/aws\"]",
      "instances": [
        {
          "index_key": "my-devsecops-portfolio-bucket",
          "schema_version": 0,
          "attributes": {
            "block_public_acls": true,
            "block_public_policy": true,
            "bucket": "my-devsecops-portfolio-bucket",
            "id": "my-devsecops-portfolio-bucket",
            "ignore_public_acls": true,
            "region": "us-east-1",
            "restrict_public_buckets": true,
            "skip_destroy": null
          },
          "sensitive_attributes": [],
          "identity_schema_version": 0,
          "identity": {
            "account_id": "733366528696",
            "bucket": "my-devsecops-portfolio-bucket",
            "region": "us-east-1"
          },
          "private": "bnVsbA==",
          "dependencies": [
            "module.s3_primary.aws_s3_bucket.buckets"
          ]
        }
      ]
    },
    {
      "module": "module.s3_primary",
      "mode": "managed",
      "type": "aws_s3_bucket_server_side_encryption_configuration",
      "name": "buckets",
      "provider": "provider[\"registry.terraform.io/hashicorp/aws\"]",
      "instances": [
        {
          "index_key": "my-devsecops-portfolio-bucket",
          "schema_version": 0,
          "attributes": {
            "bucket": "my-devsecops-portfolio-bucket",
            "expected_bucket_owner": "",
            "id": "my-devsecops-portfolio-bucket",
            "region": "us-east-1",
            "rule": [
              {
                "apply_server_side_encryption_by_default": [
                  {
                    "kms_master_key_id": "arn:aws:kms:us-east-1:733366528696:key/a84b8aae-8a32-4124-9b59-36c74f832151",
                    "sse_algorithm": "aws:kms"
                  }
                ],
                "blocked_encryption_types": [],
                "bucket_key_enabled": false
              }
            ]
          },
          "sensitive_attributes": [],
          "identity_schema_version": 0,
          "identity": {
            "account_id": "733366528696",
            "bucket": "my-devsecops-portfolio-bucket",
            "expected_bucket_owner": null,
            "region": "us-east-1"
          },
          "private": "bnVsbA==",
          "dependencies": [
            "module.s3_primary.aws_kms_key.s3",
            "module.s3_primary.aws_s3_bucket.buckets",
            "module.s3_primary.data.aws_caller_identity.current"
          ]
        }
      ]
    },
    {
      "module": "module.s3_primary",
      "mode": "managed",
      "type": "aws_s3_bucket_versioning",
      "name": "buckets",
      "provider": "provider[\"registry.terraform.io/hashicorp/aws\"]",
      "instances": [
        {
          "index_key": "my-devsecops-portfolio-bucket",
          "schema_version": 0,
          "attributes": {
            "bucket": "my-devsecops-portfolio-bucket",
            "expected_bucket_owner": "",
            "id": "my-devsecops-portfolio-bucket",
            "mfa": null,
            "region": "us-east-1",
            "versioning_configuration": [
              {
                "mfa_delete": "",
                "status": "Enabled"
              }
            ]
          },
          "sensitive_attributes": [],
          "identity_schema_version": 0,
          "identity": {
            "account_id": "733366528696",
            "bucket": "my-devsecops-portfolio-bucket",
            "expected_bucket_owner": null,
            "region": "us-east-1"
          },
          "private": "bnVsbA==",
          "dependencies": [
            "module.s3_primary.aws_s3_bucket.buckets"
          ]
        }
      ]
    }
  ],
  "check_results": null
}
